
Microsoft Visual Studio Solution File, Format Version 12.00
# Visual Studio 15
VisualStudioVersion = 15.0.27703.2000
MinimumVisualStudioVersion = 10.0.40219.1
Project("{FAE04EC0-301F-11D3-BF4B-00C04F79EFBC}") = "SanalCiftlik.API", "SanalCiftlik.API\SanalCiftlik.API.csproj", "{2A8D75B4-6F58-46A0-9BDD-D2A1DD24D49C}"
EndProject
Project("{FAE04EC0-301F-11D3-BF4B-00C04F79EFBC}") = "SanalCiftlik.DAL", "SanalCiftlik.DAL\SanalCiftlik.DAL.csproj", "{EABC17C8-807F-46D2-A430-CC6CF3C60E19}"
EndProject
Project("{FAE04EC0-301F-11D3-BF4B-00C04F79EFBC}") = "SanalCiftlik.Typess", "SanalCiftlik.Typess\SanalCiftlik.Typess.csproj", "{58FBE1B5-40C6-4AD2-AAF8-276D643BDB40}"
EndProject
Project("{FAE04EC0-301F-11D3-BF4B-00C04F79EFBC}") = "SanalCiftlik", "SanalCiftlik\SanalCiftlik.csproj", "{15EAF44C-83B6-4AC9-BA57-E635AF8F50B2}"
EndProject
Global
	GlobalSection(SolutionConfigurationPlatforms) = preSolution
		Debug|Any CPU = Debug|Any CPU
		Debug|ARM = Debug|ARM
		Debug|x64 = Debug|x64
		Debug|x86 = Debug|x86
		Release|Any CPU = Release|Any CPU
		Release|ARM = Release|ARM
		Release|x64 = Release|x64
		Release|x86 = Release|x86
	EndGlobalSection
	GlobalSection(ProjectConfigurationPlatforms) = postSolution
		{2A8D75B4-6F58-46A0-9BDD-D2A1DD24D49C}.Debug|Any CPU.ActiveCfg = Debug|Any CPU
		{2A8D75B4-6F58-46A0-9BDD-D2A1DD24D49C}.Debug|Any CPU.Build.0 = Debug|Any CPU
		{2A8D75B4-6F58-46A0-9BDD-D2A1DD24D49C}.Debug|ARM.ActiveCfg = Debug|Any CPU
		{2A8D75B4-6F58-46A0-9BDD-D2A1DD24D49C}.Debug|ARM.Build.0 = Debug|Any CPU
		{2A8D75B4-6F58-46A0-9BDD-D2A1DD24D49C}.Debug|x64.ActiveCfg = Debug|Any CPU
		{2A8D75B4-6F58-46A0-9BDD-D2A1DD24D49C}.Debug|x64.Build.0 = Debug|Any CPU
		{2A8D75B4-6F58-46A0-9BDD-D2A1DD24D49C}.Debug|x86.ActiveCfg = Debug|Any CPU
		{2A8D75B4-6F58-46A0-9BDD-D2A1DD24D49C}.Debug|x86.Build.0 = Debug|Any CPU
		{2A8D75B4-6F58-46A0-9BDD-D2A1DD24D49C}.Release|Any CPU.ActiveCfg = Release|Any CPU
		{2A8D75B4-6F58-46A0-9BDD-D2A1DD24D49C}.Release|Any CPU.Build.0 = Release|Any CPU
		{2A8D75B4-6F58-46A0-9BDD-D2A1DD24D49C}.Release|ARM.ActiveCfg = Release|Any CPU
		{2A8D75B4-6F58-46A0-9BDD-D2A1DD24D49C}.Release|ARM.Build.0 = Release|Any CPU
		{2A8D75B4-6F58-46A0-9BDD-D2A1DD24D49C}.Release|x64.ActiveCfg = Release|Any CPU
		{2A8D75B4-6F58-46A0-9BDD-D2A1DD24D49C}.Release|x64.Build.0 = Release|Any CPU
		{2A8D75B4-6F58-46A0-9BDD-D2A1DD24D49C}.Release|x86.ActiveCfg = Release|Any CPU
		{2A8D75B4-6F58-46A0-9BDD-D2A1DD24D49C}.Release|x86.Build.0 = Release|Any CPU
		{EABC17C8-807F-46D2-A430-CC6CF3C60E19}.Debug|Any CPU.ActiveCfg = Debug|Any CPU
		{EABC17C8-807F-46D2-A430-CC6CF3C60E19}.Debug|Any CPU.Build.0 = Debug|Any CPU
		{EABC17C8-807F-46D2-A430-CC6CF3C60E19}.Debug|ARM.ActiveCfg = Debug|Any CPU
		{EABC17C8-807F-46D2-A430-CC6CF3C60E19}.Debug|ARM.Build.0 = Debug|Any CPU
		{EABC17C8-807F-46D2-A430-CC6CF3C60E19}.Debug|x64.ActiveCfg = Debug|Any CPU
		{EABC17C8-807F-46D2-A430-CC6CF3C60E19}.Debug|x64.Build.0 = Debug|Any CPU
		{EABC17C8-807F-46D2-A430-CC6CF3C60E19}.Debug|x86.ActiveCfg = Debug|Any CPU
		{EABC17C8-807F-46D2-A430-CC6CF3C60E19}.Debug|x86.Build.0 = Debug|Any CPU
		{EABC17C8-807F-46D2-A430-CC6CF3C60E19}.Release|Any CPU.ActiveCfg = Release|Any CPU
		{EABC17C8-807F-46D2-A430-CC6CF3C60E19}.Release|Any CPU.Build.0 = Release|Any CPU
		{EABC17C8-807F-46D2-A430-CC6CF3C60E19}.Release|ARM.ActiveCfg = Release|Any CPU
		{EABC17C8-807F-46D2-A430-CC6CF3C60E19}.Release|ARM.Build.0 = Release|Any CPU
		{EABC17C8-807F-46D2-A430-CC6CF3C60E19}.Release|x64.ActiveCfg = Release|Any CPU
		{EABC17C8-807F-46D2-A430-CC6CF3C60E19}.Release|x64.Build.0 = Release|Any CPU
		{EABC17C8-807F-46D2-A430-CC6CF3C60E19}.Release|x86.ActiveCfg = Release|Any CPU
		{EABC17C8-807F-46D2-A430-CC6CF3C60E19}.Release|x86.Build.0 = Release|Any CPU
		{58FBE1B5-40C6-4AD2-AAF8-276D643BDB40}.Debug|Any CPU.ActiveCfg = Debug|Any CPU
		{58FBE1B5-40C6-4AD2-AAF8-276D643BDB40}.Debug|Any CPU.Build.0 = Debug|Any CPU
		{58FBE1B5-40C6-4AD2-AAF8-276D643BDB40}.Debug|ARM.ActiveCfg = Debug|Any CPU
		{58FBE1B5-40C6-4AD2-AAF8-276D643BDB40}.Debug|ARM.Build.0 = Debug|Any CPU
		{58FBE1B5-40C6-4AD2-AAF8-276D643BDB40}.Debug|x64.ActiveCfg = Debug|Any CPU
		{58FBE1B5-40C6-4AD2-AAF8-276D643BDB40}.Debug|x64.Build.0 = Debug|Any CPU
		{58FBE1B5-40C6-4AD2-AAF8-276D643BDB40}.Debug|x86.ActiveCfg = Debug|Any CPU
		{58FBE1B5-40C6-4AD2-AAF8-276D643BDB40}.Debug|x86.Build.0 = Debug|Any CPU
		{58FBE1B5-40C6-4AD2-AAF8-276D643BDB40}.Release|Any CPU.ActiveCfg = Release|Any CPU
		{58FBE1B5-40C6-4AD2-AAF8-276D643BDB40}.Release|Any CPU.Build.0 = Release|Any CPU
		{58FBE1B5-40C6-4AD2-AAF8-276D643BDB40}.Release|ARM.ActiveCfg = Release|Any CPU
		{58FBE1B5-40C6-4AD2-AAF8-276D643BDB40}.Release|ARM.Build.0 = Release|Any CPU
		{58FBE1B5-40C6-4AD2-AAF8-276D643BDB40}.Release|x64.ActiveCfg = Release|Any CPU
		{58FBE1B5-40C6-4AD2-AAF8-276D643BDB40}.Release|x64.Build.0 = Release|Any CPU
		{58FBE1B5-40C6-4AD2-AAF8-276D643BDB40}.Release|x86.ActiveCfg = Release|Any CPU
		{58FBE1B5-40C6-4AD2-AAF8-276D643BDB40}.Release|x86.Build.0 = Release|Any CPU
		{15EAF44C-83B6-4AC9-BA57-E635AF8F50B2}.Debug|Any CPU.ActiveCfg = Debug|Any CPU
		{15EAF44C-83B6-4AC9-BA57-E635AF8F50B2}.Debug|Any CPU.Build.0 = Debug|Any CPU
		{15EAF44C-83B6-4AC9-BA57-E635AF8F50B2}.Debug|ARM.ActiveCfg = Debug|Any CPU
		{15EAF44C-83B6-4AC9-BA57-E635AF8F50B2}.Debug|ARM.Build.0 = Debug|Any CPU
		{15EAF44C-83B6-4AC9-BA57-E635AF8F50B2}.Debug|x64.ActiveCfg = Debug|Any CPU
		{15EAF44C-83B6-4AC9-BA57-E635AF8F50B2}.Debug|x64.Build.0 = Debug|Any CPU
		{15EAF44C-83B6-4AC9-BA57-E635AF8F50B2}.Debug|x86.ActiveCfg = Debug|Any CPU
		{15EAF44C-83B6-4AC9-BA57-E635AF8F50B2}.Debug|x86.Build.0 = Debug|Any CPU
		{15EAF44C-83B6-4AC9-BA57-E635AF8F50B2}.Release|Any CPU.ActiveCfg = Release|Any CPU
		{15EAF44C-83B6-4AC9-BA57-E635AF8F50B2}.Release|Any CPU.Build.0 = Release|Any CPU
		{15EAF44C-83B6-4AC9-BA57-E635AF8F50B2}.Release|ARM.ActiveCfg = Release|Any CPU
		{15EAF44C-83B6-4AC9-BA57-E635AF8F50B2}.Release|ARM.Build.0 = Release|Any CPU
		{15EAF44C-83B6-4AC9-BA57-E635AF8F50B2}.Release|x64.ActiveCfg = Release|Any CPU
		{15EAF44C-83B6-4AC9-BA57-E635AF8F50B2}.Release|x64.Build.0 = Release|Any CPU
		{15EAF44C-83B6-4AC9-BA57-E635AF8F50B2}.Release|x86.ActiveCfg = Release|Any CPU
		{15EAF44C-83B6-4AC9-BA57-E635AF8F50B2}.Release|x86.Build.0 = Release|Any CPU
	EndGlobalSection
	GlobalSection(SolutionProperties) = preSolution
		HideSolutionNode = FALSE
	EndGlobalSection
	GlobalSection(ExtensibilityGlobals) = postSolution
		SolutionGuid = {C3C7BC62-0705-4B38-BBEF-D550A3A5C462}
	EndGlobalSection
EndGlobal
